{
  "name": "third-brain-mcp",
  "version": "1.0.3",
  "lockfileVersion": 3,
  "requires": true,
  "packages": {
    "": {
      "name": "third-brain-mcp",
      "version": "1.0.3",
      "license": "Apache-2.0",
      "bin": {
        "third-brain-mcp": "bin/third-brain-mcp.js"
      },
      "engines": {
        "node": ">=18"
      }
    }
  }
}
